
Microsoft Visual Studio Solution File, Format Version 12.00
# Visual Studio Version 17
VisualStudioVersion = 17.0.31903.59
MinimumVisualStudioVersion = 10.0.40219.1
Project("{FAE04EC0-301F-11D3-BF4B-00C04F79EFBC}") = "DataProcessingApp.Core", "src\DataProcessingApp.Core\DataProcessingApp.Core.csproj", "{060FAAD4-5290-47AA-B664-94FF318BE979}"
EndProject
Project("{FAE04EC0-301F-11D3-BF4B-00C04F79EFBC}") = "DataProcessingApp.ConsoleApp", "src\DataProcessingApp.ConsoleApp\DataProcessingApp.ConsoleApp.csproj", "{D1AD65D9-091B-4D82-A6EB-2447A9F58942}"
EndProject
Project("{FAE04EC0-301F-11D3-BF4B-00C04F79EFBC}") = "DataProcessingApp.Logic", "src\DataProcessingApp.Logic\DataProcessingApp.Logic.csproj", "{39BDF003-C1B6-42E3-BC0A-E5B94B7066B5}"
EndProject
Project("{2150E333-8FDC-42A3-9474-1A3956D46DE8}") = "Database", "Database", "{BFEB09D3-C00B-4912-AF1D-E49799DC6750}"
EndProject
Project("{00D1A9C2-B5F0-4AF3-8072-F6C62B433612}") = "DataProcessingApp.Database", "db\DataProcessingApp.Database\DataProcessingApp.Database.sqlproj", "{24214E72-4E91-46B9-BF33-17C570A5C1DB}"
EndProject
Project("{FAE04EC0-301F-11D3-BF4B-00C04F79EFBC}") = "DataProcessingApp.Data", "src\DataProcessingApp.Data\DataProcessingApp.Data.csproj", "{6A27DB85-E97C-4A9D-B870-4FE100921A09}"
EndProject
Project("{2150E333-8FDC-42A3-9474-1A3956D46DE8}") = "tests", "tests", "{0AB3BF05-4346-4AA6-1389-037BE0695223}"
EndProject
Project("{FAE04EC0-301F-11D3-BF4B-00C04F79EFBC}") = "DataProcessingApp.Tests", "tests\DataProcessingApp.Tests\DataProcessingApp.Tests.csproj", "{F218887C-0EB7-4DCC-B03B-1EEAB9961DDE}"
EndProject
Project("{2150E333-8FDC-42A3-9474-1A3956D46DE8}") = "src", "src", "{827E0CD3-B72D-47B6-A68D-7590B98EB39B}"
EndProject
Project("{FAE04EC0-301F-11D3-BF4B-00C04F79EFBC}") = "DataProcessingApp.Calculator", "src\DataProcessingApp.Calculator\DataProcessingApp.Calculator.csproj", "{211EC1BB-3B0C-429C-BF09-78D54E8312A7}"
EndProject
Project("{FAE04EC0-301F-11D3-BF4B-00C04F79EFBC}") = "DataProcessingApp.WebApi", "src\DataProcessingApp.WebApi\DataProcessingApp.WebApi.csproj", "{619A42DC-DFE9-4F03-975D-83E0B5FA2A69}"
EndProject
Global
	GlobalSection(SolutionConfigurationPlatforms) = preSolution
		Debug|Any CPU = Debug|Any CPU
		Debug|x64 = Debug|x64
		Debug|x86 = Debug|x86
		Release|Any CPU = Release|Any CPU
		Release|x64 = Release|x64
		Release|x86 = Release|x86
	EndGlobalSection
	GlobalSection(ProjectConfigurationPlatforms) = postSolution
		{060FAAD4-5290-47AA-B664-94FF318BE979}.Debug|Any CPU.ActiveCfg = Debug|Any CPU
		{060FAAD4-5290-47AA-B664-94FF318BE979}.Debug|Any CPU.Build.0 = Debug|Any CPU
		{060FAAD4-5290-47AA-B664-94FF318BE979}.Debug|x64.ActiveCfg = Debug|Any CPU
		{060FAAD4-5290-47AA-B664-94FF318BE979}.Debug|x64.Build.0 = Debug|Any CPU
		{060FAAD4-5290-47AA-B664-94FF318BE979}.Debug|x86.ActiveCfg = Debug|Any CPU
		{060FAAD4-5290-47AA-B664-94FF318BE979}.Debug|x86.Build.0 = Debug|Any CPU
		{060FAAD4-5290-47AA-B664-94FF318BE979}.Release|Any CPU.ActiveCfg = Release|Any CPU
		{060FAAD4-5290-47AA-B664-94FF318BE979}.Release|Any CPU.Build.0 = Release|Any CPU
		{060FAAD4-5290-47AA-B664-94FF318BE979}.Release|x64.ActiveCfg = Release|Any CPU
		{060FAAD4-5290-47AA-B664-94FF318BE979}.Release|x64.Build.0 = Release|Any CPU
		{060FAAD4-5290-47AA-B664-94FF318BE979}.Release|x86.ActiveCfg = Release|Any CPU
		{060FAAD4-5290-47AA-B664-94FF318BE979}.Release|x86.Build.0 = Release|Any CPU
		{D1AD65D9-091B-4D82-A6EB-2447A9F58942}.Debug|Any CPU.ActiveCfg = Debug|Any CPU
		{D1AD65D9-091B-4D82-A6EB-2447A9F58942}.Debug|Any CPU.Build.0 = Debug|Any CPU
		{D1AD65D9-091B-4D82-A6EB-2447A9F58942}.Debug|x64.ActiveCfg = Debug|Any CPU
		{D1AD65D9-091B-4D82-A6EB-2447A9F58942}.Debug|x64.Build.0 = Debug|Any CPU
		{D1AD65D9-091B-4D82-A6EB-2447A9F58942}.Debug|x86.ActiveCfg = Debug|Any CPU
		{D1AD65D9-091B-4D82-A6EB-2447A9F58942}.Debug|x86.Build.0 = Debug|Any CPU
		{D1AD65D9-091B-4D82-A6EB-2447A9F58942}.Release|Any CPU.ActiveCfg = Release|Any CPU
		{D1AD65D9-091B-4D82-A6EB-2447A9F58942}.Release|Any CPU.Build.0 = Release|Any CPU
		{D1AD65D9-091B-4D82-A6EB-2447A9F58942}.Release|x64.ActiveCfg = Release|Any CPU
		{D1AD65D9-091B-4D82-A6EB-2447A9F58942}.Release|x64.Build.0 = Release|Any CPU
		{D1AD65D9-091B-4D82-A6EB-2447A9F58942}.Release|x86.ActiveCfg = Release|Any CPU
		{D1AD65D9-091B-4D82-A6EB-2447A9F58942}.Release|x86.Build.0 = Release|Any CPU
		{39BDF003-C1B6-42E3-BC0A-E5B94B7066B5}.Debug|Any CPU.ActiveCfg = Debug|Any CPU
		{39BDF003-C1B6-42E3-BC0A-E5B94B7066B5}.Debug|Any CPU.Build.0 = Debug|Any CPU
		{39BDF003-C1B6-42E3-BC0A-E5B94B7066B5}.Debug|x64.ActiveCfg = Debug|Any CPU
		{39BDF003-C1B6-42E3-BC0A-E5B94B7066B5}.Debug|x64.Build.0 = Debug|Any CPU
		{39BDF003-C1B6-42E3-BC0A-E5B94B7066B5}.Debug|x86.ActiveCfg = Debug|Any CPU
		{39BDF003-C1B6-42E3-BC0A-E5B94B7066B5}.Debug|x86.Build.0 = Debug|Any CPU
		{39BDF003-C1B6-42E3-BC0A-E5B94B7066B5}.Release|Any CPU.ActiveCfg = Release|Any CPU
		{39BDF003-C1B6-42E3-BC0A-E5B94B7066B5}.Release|Any CPU.Build.0 = Release|Any CPU
		{39BDF003-C1B6-42E3-BC0A-E5B94B7066B5}.Release|x64.ActiveCfg = Release|Any CPU
		{39BDF003-C1B6-42E3-BC0A-E5B94B7066B5}.Release|x64.Build.0 = Release|Any CPU
		{39BDF003-C1B6-42E3-BC0A-E5B94B7066B5}.Release|x86.ActiveCfg = Release|Any CPU
		{39BDF003-C1B6-42E3-BC0A-E5B94B7066B5}.Release|x86.Build.0 = Release|Any CPU
		{24214E72-4E91-46B9-BF33-17C570A5C1DB}.Debug|Any CPU.ActiveCfg = Debug|Any CPU
		{24214E72-4E91-46B9-BF33-17C570A5C1DB}.Debug|x64.ActiveCfg = Debug|x64
		{24214E72-4E91-46B9-BF33-17C570A5C1DB}.Debug|x86.ActiveCfg = Debug|x86
		{24214E72-4E91-46B9-BF33-17C570A5C1DB}.Release|Any CPU.ActiveCfg = Release|Any CPU
		{24214E72-4E91-46B9-BF33-17C570A5C1DB}.Release|x64.ActiveCfg = Release|x64
		{24214E72-4E91-46B9-BF33-17C570A5C1DB}.Release|x86.ActiveCfg = Release|x86
		{6A27DB85-E97C-4A9D-B870-4FE100921A09}.Debug|Any CPU.ActiveCfg = Debug|Any CPU
		{6A27DB85-E97C-4A9D-B870-4FE100921A09}.Debug|Any CPU.Build.0 = Debug|Any CPU
		{6A27DB85-E97C-4A9D-B870-4FE100921A09}.Debug|x64.ActiveCfg = Debug|Any CPU
		{6A27DB85-E97C-4A9D-B870-4FE100921A09}.Debug|x64.Build.0 = Debug|Any CPU
		{6A27DB85-E97C-4A9D-B870-4FE100921A09}.Debug|x86.ActiveCfg = Debug|Any CPU
		{6A27DB85-E97C-4A9D-B870-4FE100921A09}.Debug|x86.Build.0 = Debug|Any CPU
		{6A27DB85-E97C-4A9D-B870-4FE100921A09}.Release|Any CPU.ActiveCfg = Release|Any CPU
		{6A27DB85-E97C-4A9D-B870-4FE100921A09}.Release|Any CPU.Build.0 = Release|Any CPU
		{6A27DB85-E97C-4A9D-B870-4FE100921A09}.Release|x64.ActiveCfg = Release|Any CPU
		{6A27DB85-E97C-4A9D-B870-4FE100921A09}.Release|x64.Build.0 = Release|Any CPU
		{6A27DB85-E97C-4A9D-B870-4FE100921A09}.Release|x86.ActiveCfg = Release|Any CPU
		{6A27DB85-E97C-4A9D-B870-4FE100921A09}.Release|x86.Build.0 = Release|Any CPU
		{F218887C-0EB7-4DCC-B03B-1EEAB9961DDE}.Debug|Any CPU.ActiveCfg = Debug|Any CPU
		{F218887C-0EB7-4DCC-B03B-1EEAB9961DDE}.Debug|Any CPU.Build.0 = Debug|Any CPU
		{F218887C-0EB7-4DCC-B03B-1EEAB9961DDE}.Debug|x64.ActiveCfg = Debug|Any CPU
		{F218887C-0EB7-4DCC-B03B-1EEAB9961DDE}.Debug|x64.Build.0 = Debug|Any CPU
		{F218887C-0EB7-4DCC-B03B-1EEAB9961DDE}.Debug|x86.ActiveCfg = Debug|Any CPU
		{F218887C-0EB7-4DCC-B03B-1EEAB9961DDE}.Debug|x86.Build.0 = Debug|Any CPU
		{F218887C-0EB7-4DCC-B03B-1EEAB9961DDE}.Release|Any CPU.ActiveCfg = Release|Any CPU
		{F218887C-0EB7-4DCC-B03B-1EEAB9961DDE}.Release|Any CPU.Build.0 = Release|Any CPU
		{F218887C-0EB7-4DCC-B03B-1EEAB9961DDE}.Release|x64.ActiveCfg = Release|Any CPU
		{F218887C-0EB7-4DCC-B03B-1EEAB9961DDE}.Release|x64.Build.0 = Release|Any CPU
		{F218887C-0EB7-4DCC-B03B-1EEAB9961DDE}.Release|x86.ActiveCfg = Release|Any CPU
		{F218887C-0EB7-4DCC-B03B-1EEAB9961DDE}.Release|x86.Build.0 = Release|Any CPU
		{211EC1BB-3B0C-429C-BF09-78D54E8312A7}.Debug|Any CPU.ActiveCfg = Debug|Any CPU
		{211EC1BB-3B0C-429C-BF09-78D54E8312A7}.Debug|Any CPU.Build.0 = Debug|Any CPU
		{211EC1BB-3B0C-429C-BF09-78D54E8312A7}.Debug|x64.ActiveCfg = Debug|Any CPU
		{211EC1BB-3B0C-429C-BF09-78D54E8312A7}.Debug|x64.Build.0 = Debug|Any CPU
		{211EC1BB-3B0C-429C-BF09-78D54E8312A7}.Debug|x86.ActiveCfg = Debug|Any CPU
		{211EC1BB-3B0C-429C-BF09-78D54E8312A7}.Debug|x86.Build.0 = Debug|Any CPU
		{211EC1BB-3B0C-429C-BF09-78D54E8312A7}.Release|Any CPU.ActiveCfg = Release|Any CPU
		{211EC1BB-3B0C-429C-BF09-78D54E8312A7}.Release|Any CPU.Build.0 = Release|Any CPU
		{211EC1BB-3B0C-429C-BF09-78D54E8312A7}.Release|x64.ActiveCfg = Release|Any CPU
		{211EC1BB-3B0C-429C-BF09-78D54E8312A7}.Release|x64.Build.0 = Release|Any CPU
		{211EC1BB-3B0C-429C-BF09-78D54E8312A7}.Release|x86.ActiveCfg = Release|Any CPU
		{211EC1BB-3B0C-429C-BF09-78D54E8312A7}.Release|x86.Build.0 = Release|Any CPU
		{619A42DC-DFE9-4F03-975D-83E0B5FA2A69}.Debug|Any CPU.ActiveCfg = Debug|Any CPU
		{619A42DC-DFE9-4F03-975D-83E0B5FA2A69}.Debug|Any CPU.Build.0 = Debug|Any CPU
		{619A42DC-DFE9-4F03-975D-83E0B5FA2A69}.Debug|x64.ActiveCfg = Debug|Any CPU
		{619A42DC-DFE9-4F03-975D-83E0B5FA2A69}.Debug|x64.Build.0 = Debug|Any CPU
		{619A42DC-DFE9-4F03-975D-83E0B5FA2A69}.Debug|x86.ActiveCfg = Debug|Any CPU
		{619A42DC-DFE9-4F03-975D-83E0B5FA2A69}.Debug|x86.Build.0 = Debug|Any CPU
		{619A42DC-DFE9-4F03-975D-83E0B5FA2A69}.Release|Any CPU.ActiveCfg = Release|Any CPU
		{619A42DC-DFE9-4F03-975D-83E0B5FA2A69}.Release|Any CPU.Build.0 = Release|Any CPU
		{619A42DC-DFE9-4F03-975D-83E0B5FA2A69}.Release|x64.ActiveCfg = Release|Any CPU
		{619A42DC-DFE9-4F03-975D-83E0B5FA2A69}.Release|x64.Build.0 = Release|Any CPU
		{619A42DC-DFE9-4F03-975D-83E0B5FA2A69}.Release|x86.ActiveCfg = Release|Any CPU
		{619A42DC-DFE9-4F03-975D-83E0B5FA2A69}.Release|x86.Build.0 = Release|Any CPU
	EndGlobalSection
	GlobalSection(SolutionProperties) = preSolution
		HideSolutionNode = FALSE
	EndGlobalSection
	GlobalSection(NestedProjects) = preSolution
		{060FAAD4-5290-47AA-B664-94FF318BE979} = {827E0CD3-B72D-47B6-A68D-7590B98EB39B}
		{D1AD65D9-091B-4D82-A6EB-2447A9F58942} = {827E0CD3-B72D-47B6-A68D-7590B98EB39B}
		{39BDF003-C1B6-42E3-BC0A-E5B94B7066B5} = {827E0CD3-B72D-47B6-A68D-7590B98EB39B}
		{24214E72-4E91-46B9-BF33-17C570A5C1DB} = {BFEB09D3-C00B-4912-AF1D-E49799DC6750}
		{6A27DB85-E97C-4A9D-B870-4FE100921A09} = {827E0CD3-B72D-47B6-A68D-7590B98EB39B}
		{F218887C-0EB7-4DCC-B03B-1EEAB9961DDE} = {0AB3BF05-4346-4AA6-1389-037BE0695223}
		{211EC1BB-3B0C-429C-BF09-78D54E8312A7} = {827E0CD3-B72D-47B6-A68D-7590B98EB39B}
		{619A42DC-DFE9-4F03-975D-83E0B5FA2A69} = {827E0CD3-B72D-47B6-A68D-7590B98EB39B}
	EndGlobalSection
EndGlobal
